
Microsoft Visual Studio Solution File, Format Version 12.00
# Visual Studio 14
VisualStudioVersion = 14.0.25420.1
MinimumVisualStudioVersion = 10.0.40219.1
Project("{FAE04EC0-301F-11D3-BF4B-00C04F79EFBC}") = "Serialization", "TestDeserialization\Serialization.csproj", "{46BF9755-AB2C-4A5B-81FE-0D2AB6E81811}"
EndProject
Project("{FAE04EC0-301F-11D3-BF4B-00C04F79EFBC}") = "Messages", "Messages\Messages.csproj", "{4C9C60B6-34AA-4F47-8B81-E9BB549BB0DB}"
EndProject
Project("{FAE04EC0-301F-11D3-BF4B-00C04F79EFBC}") = "TestHarnessMessages", "TestHarnessMessages\TestHarnessMessages.csproj", "{A6C3531E-F5DD-4318-841C-782C749EDF26}"
EndProject
Global
	GlobalSection(SolutionConfigurationPlatforms) = preSolution
		Debug|Any CPU = Debug|Any CPU
		Release|Any CPU = Release|Any CPU
	EndGlobalSection
	GlobalSection(ProjectConfigurationPlatforms) = postSolution
		{46BF9755-AB2C-4A5B-81FE-0D2AB6E81811}.Debug|Any CPU.ActiveCfg = Debug|Any CPU
		{46BF9755-AB2C-4A5B-81FE-0D2AB6E81811}.Debug|Any CPU.Build.0 = Debug|Any CPU
		{46BF9755-AB2C-4A5B-81FE-0D2AB6E81811}.Release|Any CPU.ActiveCfg = Release|Any CPU
		{46BF9755-AB2C-4A5B-81FE-0D2AB6E81811}.Release|Any CPU.Build.0 = Release|Any CPU
		{4C9C60B6-34AA-4F47-8B81-E9BB549BB0DB}.Debug|Any CPU.ActiveCfg = Debug|Any CPU
		{4C9C60B6-34AA-4F47-8B81-E9BB549BB0DB}.Debug|Any CPU.Build.0 = Debug|Any CPU
		{4C9C60B6-34AA-4F47-8B81-E9BB549BB0DB}.Release|Any CPU.ActiveCfg = Release|Any CPU
		{4C9C60B6-34AA-4F47-8B81-E9BB549BB0DB}.Release|Any CPU.Build.0 = Release|Any CPU
		{A6C3531E-F5DD-4318-841C-782C749EDF26}.Debug|Any CPU.ActiveCfg = Debug|Any CPU
		{A6C3531E-F5DD-4318-841C-782C749EDF26}.Debug|Any CPU.Build.0 = Debug|Any CPU
		{A6C3531E-F5DD-4318-841C-782C749EDF26}.Release|Any CPU.ActiveCfg = Release|Any CPU
		{A6C3531E-F5DD-4318-841C-782C749EDF26}.Release|Any CPU.Build.0 = Release|Any CPU
	EndGlobalSection
	GlobalSection(SolutionProperties) = preSolution
		HideSolutionNode = FALSE
	EndGlobalSection
EndGlobal
