
Microsoft Visual Studio Solution File, Format Version 12.00
# Visual Studio 14
VisualStudioVersion = 14.0.25420.1
MinimumVisualStudioVersion = 10.0.40219.1
Project("{FAE04EC0-301F-11D3-BF4B-00C04F79EFBC}") = "UtilityExtensions", "UtilityExtensions\UtilityExtensions.csproj", "{ECE81419-FA10-489A-B083-B83809BD1D4F}"
EndProject
Project("{FAE04EC0-301F-11D3-BF4B-00C04F79EFBC}") = "ReflectionDemo", "ReflectionDemo\ReflectionDemo.csproj", "{40669891-BE40-48A2-8674-1CDA3C22659A}"
EndProject
Project("{FAE04EC0-301F-11D3-BF4B-00C04F79EFBC}") = "ReflectionTestClass", "ReflectionTestClass\ReflectionTestClass.csproj", "{66343598-562C-4115-B263-A75D3B21CA02}"
EndProject
Global
	GlobalSection(SolutionConfigurationPlatforms) = preSolution
		Debug|Any CPU = Debug|Any CPU
		Release|Any CPU = Release|Any CPU
	EndGlobalSection
	GlobalSection(ProjectConfigurationPlatforms) = postSolution
		{ECE81419-FA10-489A-B083-B83809BD1D4F}.Debug|Any CPU.ActiveCfg = Debug|Any CPU
		{ECE81419-FA10-489A-B083-B83809BD1D4F}.Debug|Any CPU.Build.0 = Debug|Any CPU
		{ECE81419-FA10-489A-B083-B83809BD1D4F}.Release|Any CPU.ActiveCfg = Release|Any CPU
		{ECE81419-FA10-489A-B083-B83809BD1D4F}.Release|Any CPU.Build.0 = Release|Any CPU
		{40669891-BE40-48A2-8674-1CDA3C22659A}.Debug|Any CPU.ActiveCfg = Debug|Any CPU
		{40669891-BE40-48A2-8674-1CDA3C22659A}.Debug|Any CPU.Build.0 = Debug|Any CPU
		{40669891-BE40-48A2-8674-1CDA3C22659A}.Release|Any CPU.ActiveCfg = Release|Any CPU
		{40669891-BE40-48A2-8674-1CDA3C22659A}.Release|Any CPU.Build.0 = Release|Any CPU
		{66343598-562C-4115-B263-A75D3B21CA02}.Debug|Any CPU.ActiveCfg = Debug|Any CPU
		{66343598-562C-4115-B263-A75D3B21CA02}.Debug|Any CPU.Build.0 = Debug|Any CPU
		{66343598-562C-4115-B263-A75D3B21CA02}.Release|Any CPU.ActiveCfg = Release|Any CPU
		{66343598-562C-4115-B263-A75D3B21CA02}.Release|Any CPU.Build.0 = Release|Any CPU
	EndGlobalSection
	GlobalSection(SolutionProperties) = preSolution
		HideSolutionNode = FALSE
	EndGlobalSection
EndGlobal
