
Microsoft Visual Studio Solution File, Format Version 12.00
# Visual Studio 2013
VisualStudioVersion = 12.0.30110.0
MinimumVisualStudioVersion = 10.0.40219.1
Project("{FAE04EC0-301F-11D3-BF4B-00C04F79EFBC}") = "delegates", "delegates\delegates.csproj", "{95F9339F-2AFD-4456-9E3B-ECFF1E82D3B2}"
EndProject
Project("{FAE04EC0-301F-11D3-BF4B-00C04F79EFBC}") = "OtherShortCuts", "OtherShortCuts\OtherShortCuts.csproj", "{DD180EF5-0B02-4337-866B-E1BAE33011E7}"
EndProject
Global
	GlobalSection(SolutionConfigurationPlatforms) = preSolution
		Debug|Any CPU = Debug|Any CPU
		Release|Any CPU = Release|Any CPU
	EndGlobalSection
	GlobalSection(ProjectConfigurationPlatforms) = postSolution
		{95F9339F-2AFD-4456-9E3B-ECFF1E82D3B2}.Debug|Any CPU.ActiveCfg = Debug|Any CPU
		{95F9339F-2AFD-4456-9E3B-ECFF1E82D3B2}.Debug|Any CPU.Build.0 = Debug|Any CPU
		{95F9339F-2AFD-4456-9E3B-ECFF1E82D3B2}.Release|Any CPU.ActiveCfg = Release|Any CPU
		{95F9339F-2AFD-4456-9E3B-ECFF1E82D3B2}.Release|Any CPU.Build.0 = Release|Any CPU
		{DD180EF5-0B02-4337-866B-E1BAE33011E7}.Debug|Any CPU.ActiveCfg = Debug|Any CPU
		{DD180EF5-0B02-4337-866B-E1BAE33011E7}.Debug|Any CPU.Build.0 = Debug|Any CPU
		{DD180EF5-0B02-4337-866B-E1BAE33011E7}.Release|Any CPU.ActiveCfg = Release|Any CPU
		{DD180EF5-0B02-4337-866B-E1BAE33011E7}.Release|Any CPU.Build.0 = Release|Any CPU
	EndGlobalSection
	GlobalSection(SolutionProperties) = preSolution
		HideSolutionNode = FALSE
	EndGlobalSection
EndGlobal
